// !$*UTF8*$!
{
	archiveVersion = 1;
	classes = {
	};
	objectVersion = 56;
	objects = {

/* Begin PBXBuildFile section */
		BE9BA49C298E28DF002126DE /* Data.swift in Sources */ = {isa = PBXBuildFile; fileRef = BE9BA49B298E28DF002126DE /* Data.swift */; };
		BE9BA4A1298E4ECB002126DE /* HomeController.swift in Sources */ = {isa = PBXBuildFile; fileRef = BE9BA4A0298E4ECB002126DE /* HomeController.swift */; };
		BE9BA4A3298E5DFD002126DE /* TimerView.swift in Sources */ = {isa = PBXBuildFile; fileRef = BE9BA4A2298E5DFD002126DE /* TimerView.swift */; };
		BEDBBCB7298A543E00BB3DF0 /* _00hrApp.swift in Sources */ = {isa = PBXBuildFile; fileRef = BEDBBCB6298A543E00BB3DF0 /* _00hrApp.swift */; };
		BEDBBCB9298A543E00BB3DF0 /* HomeView.swift in Sources */ = {isa = PBXBuildFile; fileRef = BEDBBCB8298A543E00BB3DF0 /* HomeView.swift */; };
		BEDBBCBB298A543F00BB3DF0 /* Assets.xcassets in Resources */ = {isa = PBXBuildFile; fileRef = BEDBBCBA298A543F00BB3DF0 /* Assets.xcassets */; };
		BEDBBCBE298A543F00BB3DF0 /* Preview Assets.xcassets in Resources */ = {isa = PBXBuildFile; fileRef = BEDBBCBD298A543F00BB3DF0 /* Preview Assets.xcassets */; };
/* End PBXBuildFile section */

/* Begin PBXFileReference section */
		BE9BA49B298E28DF002126DE /* Data.swift */ = {isa = PBXFileReference; lastKnownFileType = sourcecode.swift; path = Data.swift; sourceTree = "<group>"; };
		BE9BA4A0298E4ECB002126DE /* HomeController.swift */ = {isa = PBXFileReference; lastKnownFileType = sourcecode.swift; path = HomeController.swift; sourceTree = "<group>"; };
		BE9BA4A2298E5DFD002126DE /* TimerView.swift */ = {isa = PBXFileReference; lastKnownFileType = sourcecode.swift; path = TimerView.swift; sourceTree = "<group>"; };
		BEDBBCB3298A543E00BB3DF0 /* 100hr.app */ = {isa = PBXFileReference; explicitFileType = wrapper.application; includeInIndex = 0; path = 100hr.app; sourceTree = BUILT_PRODUCTS_DIR; };
		BEDBBCB6298A543E00BB3DF0 /* _00hrApp.swift */ = {isa = PBXFileReference; lastKnownFileType = sourcecode.swift; path = _00hrApp.swift; sourceTree = "<group>"; };
		BEDBBCB8298A543E00BB3DF0 /* HomeView.swift */ = {isa = PBXFileReference; lastKnownFileType = sourcecode.swift; path = HomeView.swift; sourceTree = "<group>"; };
		BEDBBCBA298A543F00BB3DF0 /* Assets.xcassets */ = {isa = PBXFileReference; lastKnownFileType = folder.assetcatalog; path = Assets.xcassets; sourceTree = "<group>"; };
		BEDBBCBD298A543F00BB3DF0 /* Preview Assets.xcassets */ = {isa = PBXFileReference; lastKnownFileType = folder.assetcatalog; path = "Preview Assets.xcassets"; sourceTree = "<group>"; };
/* End PBXFileReference section */

/* Begin PBXFrameworksBuildPhase section */
		BEDBBCB0298A543E00BB3DF0 /* Frameworks */ = {
			isa = PBXFrameworksBuildPhase;
			buildActionMask = 2147483647;
			files = (
			);
			runOnlyForDeploymentPostprocessing = 0;
		};
/* End PBXFrameworksBuildPhase section */

/* Begin PBXGroup section */
		BE9BA49D298E4E4F002126DE /* View */ = {
			isa = PBXGroup;
			children = (
				BEDBBCB8298A543E00BB3DF0 /* HomeView.swift */,
				BE9BA4A2298E5DFD002126DE /* TimerView.swift */,
			);
			path = View;
			sourceTree = "<group>";
		};
		BE9BA49E298E4E6E002126DE /* Model */ = {
			isa = PBXGroup;
			children = (
				BE9BA49B298E28DF002126DE /* Data.swift */,
			);
			path = Model;
			sourceTree = "<group>";
		};
		BE9BA49F298E4E7F002126DE /* ViewModel */ = {
			isa = PBXGroup;
			children = (
				BE9BA4A0298E4ECB002126DE /* HomeController.swift */,
			);
			path = ViewModel;
			sourceTree = "<group>";
		};
		BEDBBCAA298A543E00BB3DF0 = {
			isa = PBXGroup;
			children = (
				BEDBBCB5298A543E00BB3DF0 /* 100hr */,
				BEDBBCB4298A543E00BB3DF0 /* Products */,
			);
			sourceTree = "<group>";
		};
		BEDBBCB4298A543E00BB3DF0 /* Products */ = {
			isa = PBXGroup;
			children = (
				BEDBBCB3298A543E00BB3DF0 /* 100hr.app */,
			);
			name = Products;
			sourceTree = "<group>";
		};
		BEDBBCB5298A543E00BB3DF0 /* 100hr */ = {
			isa = PBXGroup;
			children = (
				BE9BA49F298E4E7F002126DE /* ViewModel */,
				BE9BA49E298E4E6E002126DE /* Model */,
				BE9BA49D298E4E4F002126DE /* View */,
				BEDBBCB6298A543E00BB3DF0 /* _00hrApp.swift */,
				BEDBBCBA298A543F00BB3DF0 /* Assets.xcassets */,
				BEDBBCBC298A543F00BB3DF0 /* Preview Content */,
			);
			path = 100hr;
			sourceTree = "<group>";
		};
		BEDBBCBC298A543F00BB3DF0 /* Preview Content */ = {
			isa = PBXGroup;
			children = (
				BEDBBCBD298A543F00BB3DF0 /* Preview Assets.xcassets */,
			);
			path = "Preview Content";
			sourceTree = "<group>";
		};
/* End PBXGroup section */

/* Begin PBXNativeTarget section */
		BEDBBCB2298A543E00BB3DF0 /* 100hr */ = {
			isa = PBXNativeTarget;
			buildConfigurationList = BEDBBCC1298A543F00BB3DF0 /* Build configuration list for PBXNativeTarget "100hr" */;
			buildPhases = (
				BEDBBCAF298A543E00BB3DF0 /* Sources */,
				BEDBBCB0298A543E00BB3DF0 /* Frameworks */,
				BEDBBCB1298A543E00BB3DF0 /* Resources */,
			);
			buildRules = (
			);
			dependencies = (
			);
			name = 100hr;
			productName = 100hr;
			productReference = BEDBBCB3298A543E00BB3DF0 /* 100hr.app */;
			productType = "com.apple.product-type.application";
		};
/* End PBXNativeTarget section */

/* Begin PBXProject section */
		BEDBBCAB298A543E00BB3DF0 /* Project object */ = {
			isa = PBXProject;
			attributes = {
				BuildIndependentTargetsInParallel = 1;
				LastSwiftUpdateCheck = 1420;
				LastUpgradeCheck = 1420;
				TargetAttributes = {
					BEDBBCB2298A543E00BB3DF0 = {
						CreatedOnToolsVersion = 14.2;
					};
				};
			};
			buildConfigurationList = BEDBBCAE298A543E00BB3DF0 /* Build configuration list for PBXProject "100hr" */;
			compatibilityVersion = "Xcode 14.0";
			developmentRegion = en;
			hasScannedForEncodings = 0;
			knownRegions = (
				en,
				Base,
			);
			mainGroup = BEDBBCAA298A543E00BB3DF0;
			productRefGroup = BEDBBCB4298A543E00BB3DF0 /* Products */;
			projectDirPath = "";
			projectRoot = "";
			targets = (
				BEDBBCB2298A543E00BB3DF0 /* 100hr */,
			);
		};
/* End PBXProject section */

/* Begin PBXResourcesBuildPhase section */
		BEDBBCB1298A543E00BB3DF0 /* Resources */ = {
			isa = PBXResourcesBuildPhase;
			buildActionMask = 2147483647;
			files = (
				BEDBBCBE298A543F00BB3DF0 /* Preview Assets.xcassets in Resources */,
				BEDBBCBB298A543F00BB3DF0 /* Assets.xcassets in Resources */,
			);
			runOnlyForDeploymentPostprocessing = 0;
		};
/* End PBXResourcesBuildPhase section */

/* Begin PBXSourcesBuildPhase section */
		BEDBBCAF298A543E00BB3DF0 /* Sources */ = {
			isa = PBXSourcesBuildPhase;
			buildActionMask = 2147483647;
			files = (
				BE9BA4A3298E5DFD002126DE /* TimerView.swift in Sources */,
				BE9BA4A1298E4ECB002126DE /* HomeController.swift in Sources */,
				BEDBBCB9298A543E00BB3DF0 /* HomeView.swift in Sources */,
				BEDBBCB7298A543E00BB3DF0 /* _00hrApp.swift in Sources */,
				BE9BA49C298E28DF002126DE /* Data.swift in Sources */,
			);
			runOnlyForDeploymentPostprocessing = 0;
		};
/* End PBXSourcesBuildPhase section */

/* Begin XCBuildConfiguration section */
		BEDBBCBF298A543F00BB3DF0 /* Debug */ = {
			isa = XCBuildConfiguration;
			buildSettings = {
				ALWAYS_SEARCH_USER_PATHS = NO;
				CLANG_ANALYZER_NONNULL = YES;
				CLANG_ANALYZER_NUMBER_OBJECT_CONVERSION = YES_AGGRESSIVE;
				CLANG_CXX_LANGUAGE_STANDARD = "gnu++20";
				CLANG_ENABLE_MODULES = YES;
				CLANG_ENABLE_OBJC_ARC = YES;
				CLANG_ENABLE_OBJC_WEAK = YES;
				CLANG_WARN_BLOCK_CAPTURE_AUTORELEASING = YES;
				CLANG_WARN_BOOL_CONVERSION = YES;
				CLANG_WARN_COMMA = YES;
				CLANG_WARN_CONSTANT_CONVERSION = YES;
				CLANG_WARN_DEPRECATED_OBJC_IMPLEMENTATIONS = YES;
				CLANG_WARN_DIRECT_OBJC_ISA_USAGE = YES_ERROR;
				CLANG_WARN_DOCUMENTATION_COMMENTS = YES;
				CLANG_WARN_EMPTY_BODY = YES;
				CLANG_WARN_ENUM_CONVERSION = YES;
				CLANG_WARN_INFINITE_RECURSION = YES;
				CLANG_WARN_INT_CONVERSION = YES;
				CLANG_WARN_NON_LITERAL_NULL_CONVERSION = YES;
				CLANG_WARN_OBJC_IMPLICIT_RETAIN_SELF = YES;
				CLANG_WARN_OBJC_LITERAL_CONVERSION = YES;
				CLANG_WARN_OBJC_ROOT_CLASS = YES_ERROR;
				CLANG_WARN_QUOTED_INCLUDE_IN_FRAMEWORK_HEADER = YES;
				CLANG_WARN_RANGE_LOOP_ANALYSIS = YES;
				CLANG_WARN_STRICT_PROTOTYPES = YES;
				CLANG_WARN_SUSPICIOUS_MOVE = YES;
				CLANG_WARN_UNGUARDED_AVAILABILITY = YES_AGGRESSIVE;
				CLANG_WARN_UNREACHABLE_CODE = YES;
				CLANG_WARN__DUPLICATE_METHOD_MATCH = YES;
				COPY_PHASE_STRIP = NO;
				DEBUG_INFORMATION_FORMAT = dwarf;
				ENABLE_STRICT_OBJC_MSGSEND = YES;
				ENABLE_TESTABILITY = YES;
				GCC_C_LANGUAGE_STANDARD = gnu11;
				GCC_DYNAMIC_NO_PIC = NO;
				GCC_NO_COMMON_BLOCKS = YES;
				GCC_OPTIMIZATION_LEVEL = 0;
				GCC_PREPROCESSOR_DEFINITIONS = (
					"DEBUG=1",
					"$(inherited)",
				);
				GCC_WARN_64_TO_32_BIT_CONVERSION = YES;
				GCC_WARN_ABOUT_RETURN_TYPE = YES_ERROR;
				GCC_WARN_UNDECLARED_SELECTOR = YES;
				GCC_WARN_UNINITIALIZED_AUTOS = YES_AGGRESSIVE;
				GCC_WARN_UNUSED_FUNCTION = YES;
				GCC_WARN_UNUSED_VARIABLE = YES;
				IPHONEOS_DEPLOYMENT_TARGET = 16.2;
				MTL_ENABLE_DEBUG_INFO = INCLUDE_SOURCE;
				MTL_FAST_MATH = YES;
				ONLY_ACTIVE_ARCH = YES;
				SDKROOT = iphoneos;
				SWIFT_ACTIVE_COMPILATION_CONDITIONS = DEBUG;
				SWIFT_OPTIMIZATION_LEVEL = "-Onone";
			};
			name = Debug;
		};
		BEDBBCC0298A543F00BB3DF0 /* Release */ = {
			isa = XCBuildConfiguration;
			buildSettings = {
				ALWAYS_SEARCH_USER_PATHS = NO;
				CLANG_ANALYZER_NONNULL = YES;
				CLANG_ANALYZER_NUMBER_OBJECT_CONVERSION = YES_AGGRESSIVE;
				CLANG_CXX_LANGUAGE_STANDARD = "gnu++20";
				CLANG_ENABLE_MODULES = YES;
				CLANG_ENABLE_OBJC_ARC = YES;
				CLANG_ENABLE_OBJC_WEAK = YES;
				CLANG_WARN_BLOCK_CAPTURE_AUTORELEASING = YES;
				CLANG_WARN_BOOL_CONVERSION = YES;
				CLANG_WARN_COMMA = YES;
				CLANG_WARN_CONSTANT_CONVERSION = YES;
				CLANG_WARN_DEPRECATED_OBJC_IMPLEMENTATIONS = YES;
				CLANG_WARN_DIRECT_OBJC_ISA_USAGE = YES_ERROR;
				CLANG_WARN_DOCUMENTATION_COMMENTS = YES;
				CLANG_WARN_EMPTY_BODY = YES;
				CLANG_WARN_ENUM_CONVERSION = YES;
				CLANG_WARN_INFINITE_RECURSION = YES;
				CLANG_WARN_INT_CONVERSION = YES;
				CLANG_WARN_NON_LITERAL_NULL_CONVERSION = YES;
				CLANG_WARN_OBJC_IMPLICIT_RETAIN_SELF = YES;
				CLANG_WARN_OBJC_LITERAL_CONVERSION = YES;
				CLANG_WARN_OBJC_ROOT_CLASS = YES_ERROR;
				CLANG_WARN_QUOTED_INCLUDE_IN_FRAMEWORK_HEADER = YES;
				CLANG_WARN_RANGE_LOOP_ANALYSIS = YES;
				CLANG_WARN_STRICT_PROTOTYPES = YES;
				CLANG_WARN_SUSPICIOUS_MOVE = YES;
				CLANG_WARN_UNGUARDED_AVAILABILITY = YES_AGGRESSIVE;
				CLANG_WARN_UNREACHABLE_CODE = YES;
				CLANG_WARN__DUPLICATE_METHOD_MATCH = YES;
				COPY_PHASE_STRIP = NO;
				DEBUG_INFORMATION_FORMAT = "dwarf-with-dsym";
				ENABLE_NS_ASSERTIONS = NO;
				ENABLE_STRICT_OBJC_MSGSEND = YES;
				GCC_C_LANGUAGE_STANDARD = gnu11;
				GCC_NO_COMMON_BLOCKS = YES;
				GCC_WARN_64_TO_32_BIT_CONVERSION = YES;
				GCC_WARN_ABOUT_RETURN_TYPE = YES_ERROR;
				GCC_WARN_UNDECLARED_SELECTOR = YES;
				GCC_WARN_UNINITIALIZED_AUTOS = YES_AGGRESSIVE;
				GCC_WARN_UNUSED_FUNCTION = YES;
				GCC_WARN_UNUSED_VARIABLE = YES;
				IPHONEOS_DEPLOYMENT_TARGET = 16.2;
				MTL_ENABLE_DEBUG_INFO = NO;
				MTL_FAST_MATH = YES;
				SDKROOT = iphoneos;
				SWIFT_COMPILATION_MODE = wholemodule;
				SWIFT_OPTIMIZATION_LEVEL = "-O";
				VALIDATE_PRODUCT = YES;
			};
			name = Release;
		};
		BEDBBCC2298A543F00BB3DF0 /* Debug */ = {
			isa = XCBuildConfiguration;
			buildSettings = {
				ASSETCATALOG_COMPILER_APPICON_NAME = AppIcon;
				ASSETCATALOG_COMPILER_GLOBAL_ACCENT_COLOR_NAME = AccentColor;
				CODE_SIGN_STYLE = Automatic;
				CURRENT_PROJECT_VERSION = 1;
				DEVELOPMENT_ASSET_PATHS = "\"100hr/Preview Content\"";
				ENABLE_PREVIEWS = YES;
				GENERATE_INFOPLIST_FILE = YES;
				INFOPLIST_KEY_UIApplicationSceneManifest_Generation = YES;
				INFOPLIST_KEY_UIApplicationSupportsIndirectInputEvents = YES;
				INFOPLIST_KEY_UILaunchScreen_Generation = YES;
				INFOPLIST_KEY_UISupportedInterfaceOrientations_iPad = "UIInterfaceOrientationPortrait UIInterfaceOrientationPortraitUpsideDown UIInterfaceOrientationLandscapeLeft UIInterfaceOrientationLandscapeRight";
				INFOPLIST_KEY_UISupportedInterfaceOrientations_iPhone = "UIInterfaceOrientationPortrait UIInterfaceOrientationLandscapeLeft UIInterfaceOrientationLandscapeRight";
				LD_RUNPATH_SEARCH_PATHS = (
					"$(inherited)",
					"@executable_path/Frameworks",
				);
				MARKETING_VERSION = 1.0;
				PRODUCT_BUNDLE_IDENTIFIER = "yh.-00hr";
				PRODUCT_NAME = "$(TARGET_NAME)";
				SWIFT_EMIT_LOC_STRINGS = YES;
				SWIFT_VERSION = 5.0;
				TARGETED_DEVICE_FAMILY = "1,2";
			};
			name = Debug;
		};
		BEDBBCC3298A543F00BB3DF0 /* Release */ = {
			isa = XCBuildConfiguration;
			buildSettings = {
				ASSETCATALOG_COMPILER_APPICON_NAME = AppIcon;
				ASSETCATALOG_COMPILER_GLOBAL_ACCENT_COLOR_NAME = AccentColor;
				CODE_SIGN_STYLE = Automatic;
				CURRENT_PROJECT_VERSION = 1;
				DEVELOPMENT_ASSET_PATHS = "\"100hr/Preview Content\"";
				ENABLE_PREVIEWS = YES;
				GENERATE_INFOPLIST_FILE = YES;
				INFOPLIST_KEY_UIApplicationSceneManifest_Generation = YES;
				INFOPLIST_KEY_UIApplicationSupportsIndirectInputEvents = YES;
				INFOPLIST_KEY_UILaunchScreen_Generation = YES;
				INFOPLIST_KEY_UISupportedInterfaceOrientations_iPad = "UIInterfaceOrientationPortrait UIInterfaceOrientationPortraitUpsideDown UIInterfaceOrientationLandscapeLeft UIInterfaceOrientationLandscapeRight";
				INFOPLIST_KEY_UISupportedInterfaceOrientations_iPhone = "UIInterfaceOrientationPortrait UIInterfaceOrientationLandscapeLeft UIInterfaceOrientationLandscapeRight";
				LD_RUNPATH_SEARCH_PATHS = (
					"$(inherited)",
					"@executable_path/Frameworks",
				);
				MARKETING_VERSION = 1.0;
				PRODUCT_BUNDLE_IDENTIFIER = "yh.-00hr";
				PRODUCT_NAME = "$(TARGET_NAME)";
				SWIFT_EMIT_LOC_STRINGS = YES;
				SWIFT_VERSION = 5.0;
				TARGETED_DEVICE_FAMILY = "1,2";
			};
			name = Release;
		};
/* End XCBuildConfiguration section */

/* Begin XCConfigurationList section */
		BEDBBCAE298A543E00BB3DF0 /* Build configuration list for PBXProject "100hr" */ = {
			isa = XCConfigurationList;
			buildConfigurations = (
				BEDBBCBF298A543F00BB3DF0 /* Debug */,
				BEDBBCC0298A543F00BB3DF0 /* Release */,
			);
			defaultConfigurationIsVisible = 0;
			defaultConfigurationName = Release;
		};
		BEDBBCC1298A543F00BB3DF0 /* Build configuration list for PBXNativeTarget "100hr" */ = {
			isa = XCConfigurationList;
			buildConfigurations = (
				BEDBBCC2298A543F00BB3DF0 /* Debug */,
				BEDBBCC3298A543F00BB3DF0 /* Release */,
			);
			defaultConfigurationIsVisible = 0;
			defaultConfigurationName = Release;
		};
/* End XCConfigurationList section */
	};
	rootObject = BEDBBCAB298A543E00BB3DF0 /* Project object */;
}
